
Microsoft Visual Studio Solution File, Format Version 12.00
# Visual Studio Version 16
VisualStudioVersion = 16.0.29201.188
MinimumVisualStudioVersion = 10.0.40219.1
Project("{FAE04EC0-301F-11D3-BF4B-00C04F79EFBC}") = "budicMarinPrimjena", "budicMarinPrimjena\budicMarinPrimjena.csproj", "{FCCD407F-DC1F-4EEA-9984-021D835682DE}"
EndProject
Global
	GlobalSection(SolutionConfigurationPlatforms) = preSolution
		Debug|Any CPU = Debug|Any CPU
		Release|Any CPU = Release|Any CPU
	EndGlobalSection
	GlobalSection(ProjectConfigurationPlatforms) = postSolution
		{FCCD407F-DC1F-4EEA-9984-021D835682DE}.Debug|Any CPU.ActiveCfg = Debug|Any CPU
		{FCCD407F-DC1F-4EEA-9984-021D835682DE}.Debug|Any CPU.Build.0 = Debug|Any CPU
		{FCCD407F-DC1F-4EEA-9984-021D835682DE}.Release|Any CPU.ActiveCfg = Release|Any CPU
		{FCCD407F-DC1F-4EEA-9984-021D835682DE}.Release|Any CPU.Build.0 = Release|Any CPU
	EndGlobalSection
	GlobalSection(SolutionProperties) = preSolution
		HideSolutionNode = FALSE
	EndGlobalSection
	GlobalSection(ExtensibilityGlobals) = postSolution
		SolutionGuid = {656F405C-B6AC-4B59-AA83-45AAD4B54F05}
	EndGlobalSection
EndGlobal
